
Microsoft Visual Studio Solution File, Format Version 12.00
# Visual Studio Version 17
VisualStudioVersion = 17.0.31912.275
MinimumVisualStudioVersion = 10.0.40219.1
Project("{FAE04EC0-301F-11D3-BF4B-00C04F79EFBC}") = "QRGen2", "QRGen2\QRGen2.csproj", "{E88F4B0D-687B-4332-AD58-74FCA3C4C0FB}"
EndProject
Global
	GlobalSection(SolutionConfigurationPlatforms) = preSolution
		Debug|Any CPU = Debug|Any CPU
		Release|Any CPU = Release|Any CPU
	EndGlobalSection
	GlobalSection(ProjectConfigurationPlatforms) = postSolution
		{E88F4B0D-687B-4332-AD58-74FCA3C4C0FB}.Debug|Any CPU.ActiveCfg = Debug|Any CPU
		{E88F4B0D-687B-4332-AD58-74FCA3C4C0FB}.Debug|Any CPU.Build.0 = Debug|Any CPU
		{E88F4B0D-687B-4332-AD58-74FCA3C4C0FB}.Release|Any CPU.ActiveCfg = Release|Any CPU
		{E88F4B0D-687B-4332-AD58-74FCA3C4C0FB}.Release|Any CPU.Build.0 = Release|Any CPU
	EndGlobalSection
	GlobalSection(SolutionProperties) = preSolution
		HideSolutionNode = FALSE
	EndGlobalSection
	GlobalSection(ExtensibilityGlobals) = postSolution
		SolutionGuid = {E3315686-9611-4331-B1BD-BB260C07A297}
	EndGlobalSection
EndGlobal
